[[package]]
name = "requests"
version = "2.25.1"
category = "main"
optional = false
python-versions = ">=2.7, !=3.0.*"

[[package]]
name = "django"
version = "3.2.0"
category = "main"
optional = false
python-versions = ">=3.6"

[[package]]
name = "jinja2"
version = "2.11.2"
category = "main"
optional = false
python-versions = ">=2.7, !=3.0.*"

[[package]]
name = "flask"
version = "0.12.2"
category = "main"
optional = false
python-versions = ">=2.7, !=3.0.*"

[[package]]
name = "tensorflow"
version = "2.4.0"
category = "main"
optional = false
python-versions = ">=3.6"
